# THIS IS AN AUTOGENERATED FILE. DO NOT EDIT THIS FILE DIRECTLY.
# yarn lockfile v1


node-fetch@^2.6.1:
  version "2.6.1"
  resolved "https://registry.yarnpkg.com/node-fetch/-/node-fetch-2.6.1.tgz#045bd323631f76ed2e2b55573394416b639a0052"
  integrity sha512-V4aYg89jEoVRxRb2fJdAg8FHvI7cEyYdVAh94HH0UIK8oJxUfkjlDQN9RbMx+bEjP7+ggMiFRprSti032Oipxw==

parse-ms@^2.1.0:
  version "2.1.0"
  resolved "https://registry.yarnpkg.com/parse-ms/-/parse-ms-2.1.0.tgz#348565a753d4391fa524029956b172cb7753097d"
  integrity sha512-kHt7kzLoS9VBZfUsiKjv43mr91ea+U05EyKkEtqp7vNbHxmaVuEqN7XxeEVnGrMtYOAxGrDElSi96K7EgO1zCA==

pretty-ms@^5.1.0:
  version "5.1.0"
  resolved "https://registry.yarnpkg.com/pretty-ms/-/pretty-ms-5.1.0.tgz#b906bdd1ec9e9799995c372e2b1c34f073f95384"
  integrity sha512-4gaK1skD2gwscCfkswYQRmddUb2GJZtzDGRjHWadVHtK/DIKFufa12MvES6/xu1tVbUYeia5bmLcwJtZJQUqnw==
  dependencies:
    parse-ms "^2.1.0"
