# THIS IS AN AUTOGENERATED FILE. DO NOT EDIT THIS FILE DIRECTLY.
# yarn lockfile v1


node-fetch@^2.6.0:
  version "2.6.0"
  resolved "https://registry.yarnpkg.com/node-fetch/-/node-fetch-2.6.0.tgz#e633456386d4aa55863f676a7ab0daa8fdecb0fd"
  integrity sha512-8dG4H5ujfvFiqDmVu9fQ5bOHUC15JMjMY/Zumv26oOvvVJjM67KF8koCWIabKQ1GJIa9r2mMZscBq/TbdOcmNA==

parse-ms@^2.1.0:
  version "2.1.0"
  resolved "https://registry.yarnpkg.com/parse-ms/-/parse-ms-2.1.0.tgz#348565a753d4391fa524029956b172cb7753097d"
  integrity sha512-kHt7kzLoS9VBZfUsiKjv43mr91ea+U05EyKkEtqp7vNbHxmaVuEqN7XxeEVnGrMtYOAxGrDElSi96K7EgO1zCA==

pretty-ms@^5.1.0:
  version "5.1.0"
  resolved "https://registry.yarnpkg.com/pretty-ms/-/pretty-ms-5.1.0.tgz#b906bdd1ec9e9799995c372e2b1c34f073f95384"
  integrity sha512-4gaK1skD2gwscCfkswYQRmddUb2GJZtzDGRjHWadVHtK/DIKFufa12MvES6/xu1tVbUYeia5bmLcwJtZJQUqnw==
  dependencies:
    parse-ms "^2.1.0"
